
Microsoft Visual Studio Solution File, Format Version 12.00
# Visual Studio Version 16
VisualStudioVersion = 16.0.32228.343
MinimumVisualStudioVersion = 10.0.40219.1
Project("{2150E333-8FDC-42A3-9474-1A3956D46DE8}") = "ShopManagement", "ShopManagement", "{84AD3627-DB96-445C-AC42-0C31DC82548C}"
EndProject
Project("{2150E333-8FDC-42A3-9474-1A3956D46DE8}") = "SM.Domain", "SM.Domain", "{6842381C-97C7-426F-9277-7F10F02AFF5E}"
EndProject
Project("{9A19103F-16F7-4668-BE54-9A1E7A4F7556}") = "Domain", "Domain\Domain.csproj", "{9C108353-6659-4DF7-841A-774E0EA8DA64}"
EndProject
Project("{9A19103F-16F7-4668-BE54-9A1E7A4F7556}") = "0_Framework", "0_Framework\0_Framework.csproj", "{97B207D0-D205-48CE-979E-2B0062010C9A}"
EndProject
Project("{2150E333-8FDC-42A3-9474-1A3956D46DE8}") = "SM.Application", "SM.Application", "{ED62F35C-75B1-44FF-86F1-E91270DDC4A7}"
EndProject
Project("{9A19103F-16F7-4668-BE54-9A1E7A4F7556}") = "ShopManagement.Application.Contracts", "ProductCategory.Contract\ShopManagement.Application.Contracts.csproj", "{AF1AA924-2E37-4957-8C72-6F1662F580BC}"
EndProject
Project("{9A19103F-16F7-4668-BE54-9A1E7A4F7556}") = "ShopManagement.Application", "ShopManagement.Application\ShopManagement.Application.csproj", "{DA16E22E-F118-421F-BB5E-43CE131EB9F5}"
EndProject
Project("{2150E333-8FDC-42A3-9474-1A3956D46DE8}") = "SM.Infrastructure", "SM.Infrastructure", "{CAFDCFAF-4311-4C80-B8F2-2CAB1369159E}"
EndProject
Project("{9A19103F-16F7-4668-BE54-9A1E7A4F7556}") = "ShopManagement.Infrastructure.EFCore", "ShopManagement.Infrastructure.EFCore\ShopManagement.Infrastructure.EFCore.csproj", "{0461DE24-71DE-4323-AC5A-100216D682FB}"
EndProject
Project("{9A19103F-16F7-4668-BE54-9A1E7A4F7556}") = "ShopManagement.Infrastructure.Configuration", "ShopManagement.Infrastructure.Configuration\ShopManagement.Infrastructure.Configuration.csproj", "{6237B28F-09C5-4C45-B898-244E245D9D4A}"
EndProject
Project("{9A19103F-16F7-4668-BE54-9A1E7A4F7556}") = "ServiceHost", "ServiceHost\ServiceHost.csproj", "{2E7146CB-CDAE-4BF3-95A3-4CA0B6C71561}"
EndProject
Project("{9A19103F-16F7-4668-BE54-9A1E7A4F7556}") = "01_Keyson_Shop_Query", "01_Keyson_Shop_Query\01_Keyson_Shop_Query.csproj", "{F7FA75A0-36D2-4BA5-842D-1D5DCD887B57}"
EndProject
Project("{2150E333-8FDC-42A3-9474-1A3956D46DE8}") = "DiscountManagement", "DiscountManagement", "{1A5AAF0A-2885-4BD7-9137-24302A750C08}"
EndProject
Project("{2150E333-8FDC-42A3-9474-1A3956D46DE8}") = "DM.Domain", "DM.Domain", "{6740307C-797D-4D79-90C5-59DD9B205874}"
EndProject
Project("{FAE04EC0-301F-11D3-BF4B-00C04F79EFBC}") = "DiscountManagement.Domain", "DescountManagement.Domain\DiscountManagement.Domain.csproj", "{09E53E49-2A18-411F-AC40-E203F50D2644}"
EndProject
Project("{2150E333-8FDC-42A3-9474-1A3956D46DE8}") = "DM.Application", "DM.Application", "{0CEA82C1-6AFD-4E57-A497-569C6895CCC8}"
EndProject
Project("{FAE04EC0-301F-11D3-BF4B-00C04F79EFBC}") = "DiscountManagement.Application.Contract", "DiscountManagement.Application.Contract\DiscountManagement.Application.Contract.csproj", "{698EF1B5-C611-413F-8CCA-6E62111563CD}"
EndProject
Project("{FAE04EC0-301F-11D3-BF4B-00C04F79EFBC}") = "DiscountManagement.Application", "DiscountManagement.Application\DiscountManagement.Application.csproj", "{0BD6D294-F058-4E95-951E-696A94A46AC1}"
EndProject
Project("{2150E333-8FDC-42A3-9474-1A3956D46DE8}") = "DM.Infrastructure", "DM.Infrastructure", "{7263A0CD-294E-459D-B242-993EB3A6FEAC}"
EndProject
Project("{FAE04EC0-301F-11D3-BF4B-00C04F79EFBC}") = "DiscountManagement.Infrastructure.EFCore", "DiscountManagement.Infrastructure.EFCore\DiscountManagement.Infrastructure.EFCore.csproj", "{9D28B609-42D3-4E5F-818B-7EA1703E34C2}"
EndProject
Global
	GlobalSection(SolutionConfigurationPlatforms) = preSolution
		Debug|Any CPU = Debug|Any CPU
		Release|Any CPU = Release|Any CPU
	EndGlobalSection
	GlobalSection(ProjectConfigurationPlatforms) = postSolution
		{9C108353-6659-4DF7-841A-774E0EA8DA64}.Debug|Any CPU.ActiveCfg = Debug|Any CPU
		{9C108353-6659-4DF7-841A-774E0EA8DA64}.Debug|Any CPU.Build.0 = Debug|Any CPU
		{9C108353-6659-4DF7-841A-774E0EA8DA64}.Release|Any CPU.ActiveCfg = Release|Any CPU
		{9C108353-6659-4DF7-841A-774E0EA8DA64}.Release|Any CPU.Build.0 = Release|Any CPU
		{97B207D0-D205-48CE-979E-2B0062010C9A}.Debug|Any CPU.ActiveCfg = Debug|Any CPU
		{97B207D0-D205-48CE-979E-2B0062010C9A}.Debug|Any CPU.Build.0 = Debug|Any CPU
		{97B207D0-D205-48CE-979E-2B0062010C9A}.Release|Any CPU.ActiveCfg = Release|Any CPU
		{97B207D0-D205-48CE-979E-2B0062010C9A}.Release|Any CPU.Build.0 = Release|Any CPU
		{AF1AA924-2E37-4957-8C72-6F1662F580BC}.Debug|Any CPU.ActiveCfg = Debug|Any CPU
		{AF1AA924-2E37-4957-8C72-6F1662F580BC}.Debug|Any CPU.Build.0 = Debug|Any CPU
		{AF1AA924-2E37-4957-8C72-6F1662F580BC}.Release|Any CPU.ActiveCfg = Release|Any CPU
		{AF1AA924-2E37-4957-8C72-6F1662F580BC}.Release|Any CPU.Build.0 = Release|Any CPU
		{DA16E22E-F118-421F-BB5E-43CE131EB9F5}.Debug|Any CPU.ActiveCfg = Debug|Any CPU
		{DA16E22E-F118-421F-BB5E-43CE131EB9F5}.Debug|Any CPU.Build.0 = Debug|Any CPU
		{DA16E22E-F118-421F-BB5E-43CE131EB9F5}.Release|Any CPU.ActiveCfg = Release|Any CPU
		{DA16E22E-F118-421F-BB5E-43CE131EB9F5}.Release|Any CPU.Build.0 = Release|Any CPU
		{0461DE24-71DE-4323-AC5A-100216D682FB}.Debug|Any CPU.ActiveCfg = Debug|Any CPU
		{0461DE24-71DE-4323-AC5A-100216D682FB}.Debug|Any CPU.Build.0 = Debug|Any CPU
		{0461DE24-71DE-4323-AC5A-100216D682FB}.Release|Any CPU.ActiveCfg = Release|Any CPU
		{0461DE24-71DE-4323-AC5A-100216D682FB}.Release|Any CPU.Build.0 = Release|Any CPU
		{6237B28F-09C5-4C45-B898-244E245D9D4A}.Debug|Any CPU.ActiveCfg = Debug|Any CPU
		{6237B28F-09C5-4C45-B898-244E245D9D4A}.Debug|Any CPU.Build.0 = Debug|Any CPU
		{6237B28F-09C5-4C45-B898-244E245D9D4A}.Release|Any CPU.ActiveCfg = Release|Any CPU
		{6237B28F-09C5-4C45-B898-244E245D9D4A}.Release|Any CPU.Build.0 = Release|Any CPU
		{2E7146CB-CDAE-4BF3-95A3-4CA0B6C71561}.Debug|Any CPU.ActiveCfg = Debug|Any CPU
		{2E7146CB-CDAE-4BF3-95A3-4CA0B6C71561}.Debug|Any CPU.Build.0 = Debug|Any CPU
		{2E7146CB-CDAE-4BF3-95A3-4CA0B6C71561}.Release|Any CPU.ActiveCfg = Release|Any CPU
		{2E7146CB-CDAE-4BF3-95A3-4CA0B6C71561}.Release|Any CPU.Build.0 = Release|Any CPU
		{F7FA75A0-36D2-4BA5-842D-1D5DCD887B57}.Debug|Any CPU.ActiveCfg = Debug|Any CPU
		{F7FA75A0-36D2-4BA5-842D-1D5DCD887B57}.Debug|Any CPU.Build.0 = Debug|Any CPU
		{F7FA75A0-36D2-4BA5-842D-1D5DCD887B57}.Release|Any CPU.ActiveCfg = Release|Any CPU
		{F7FA75A0-36D2-4BA5-842D-1D5DCD887B57}.Release|Any CPU.Build.0 = Release|Any CPU
		{09E53E49-2A18-411F-AC40-E203F50D2644}.Debug|Any CPU.ActiveCfg = Debug|Any CPU
		{09E53E49-2A18-411F-AC40-E203F50D2644}.Debug|Any CPU.Build.0 = Debug|Any CPU
		{09E53E49-2A18-411F-AC40-E203F50D2644}.Release|Any CPU.ActiveCfg = Release|Any CPU
		{09E53E49-2A18-411F-AC40-E203F50D2644}.Release|Any CPU.Build.0 = Release|Any CPU
		{698EF1B5-C611-413F-8CCA-6E62111563CD}.Debug|Any CPU.ActiveCfg = Debug|Any CPU
		{698EF1B5-C611-413F-8CCA-6E62111563CD}.Debug|Any CPU.Build.0 = Debug|Any CPU
		{698EF1B5-C611-413F-8CCA-6E62111563CD}.Release|Any CPU.ActiveCfg = Release|Any CPU
		{698EF1B5-C611-413F-8CCA-6E62111563CD}.Release|Any CPU.Build.0 = Release|Any CPU
		{0BD6D294-F058-4E95-951E-696A94A46AC1}.Debug|Any CPU.ActiveCfg = Debug|Any CPU
		{0BD6D294-F058-4E95-951E-696A94A46AC1}.Debug|Any CPU.Build.0 = Debug|Any CPU
		{0BD6D294-F058-4E95-951E-696A94A46AC1}.Release|Any CPU.ActiveCfg = Release|Any CPU
		{0BD6D294-F058-4E95-951E-696A94A46AC1}.Release|Any CPU.Build.0 = Release|Any CPU
		{9D28B609-42D3-4E5F-818B-7EA1703E34C2}.Debug|Any CPU.ActiveCfg = Debug|Any CPU
		{9D28B609-42D3-4E5F-818B-7EA1703E34C2}.Debug|Any CPU.Build.0 = Debug|Any CPU
		{9D28B609-42D3-4E5F-818B-7EA1703E34C2}.Release|Any CPU.ActiveCfg = Release|Any CPU
		{9D28B609-42D3-4E5F-818B-7EA1703E34C2}.Release|Any CPU.Build.0 = Release|Any CPU
	EndGlobalSection
	GlobalSection(SolutionProperties) = preSolution
		HideSolutionNode = FALSE
	EndGlobalSection
	GlobalSection(NestedProjects) = preSolution
		{6842381C-97C7-426F-9277-7F10F02AFF5E} = {84AD3627-DB96-445C-AC42-0C31DC82548C}
		{9C108353-6659-4DF7-841A-774E0EA8DA64} = {6842381C-97C7-426F-9277-7F10F02AFF5E}
		{ED62F35C-75B1-44FF-86F1-E91270DDC4A7} = {84AD3627-DB96-445C-AC42-0C31DC82548C}
		{AF1AA924-2E37-4957-8C72-6F1662F580BC} = {ED62F35C-75B1-44FF-86F1-E91270DDC4A7}
		{DA16E22E-F118-421F-BB5E-43CE131EB9F5} = {ED62F35C-75B1-44FF-86F1-E91270DDC4A7}
		{CAFDCFAF-4311-4C80-B8F2-2CAB1369159E} = {84AD3627-DB96-445C-AC42-0C31DC82548C}
		{0461DE24-71DE-4323-AC5A-100216D682FB} = {CAFDCFAF-4311-4C80-B8F2-2CAB1369159E}
		{6237B28F-09C5-4C45-B898-244E245D9D4A} = {CAFDCFAF-4311-4C80-B8F2-2CAB1369159E}
		{6740307C-797D-4D79-90C5-59DD9B205874} = {1A5AAF0A-2885-4BD7-9137-24302A750C08}
		{09E53E49-2A18-411F-AC40-E203F50D2644} = {6740307C-797D-4D79-90C5-59DD9B205874}
		{0CEA82C1-6AFD-4E57-A497-569C6895CCC8} = {1A5AAF0A-2885-4BD7-9137-24302A750C08}
		{698EF1B5-C611-413F-8CCA-6E62111563CD} = {0CEA82C1-6AFD-4E57-A497-569C6895CCC8}
		{0BD6D294-F058-4E95-951E-696A94A46AC1} = {0CEA82C1-6AFD-4E57-A497-569C6895CCC8}
		{7263A0CD-294E-459D-B242-993EB3A6FEAC} = {1A5AAF0A-2885-4BD7-9137-24302A750C08}
		{9D28B609-42D3-4E5F-818B-7EA1703E34C2} = {7263A0CD-294E-459D-B242-993EB3A6FEAC}
	EndGlobalSection
	GlobalSection(ExtensibilityGlobals) = postSolution
		SolutionGuid = {9BED7527-6EC7-434E-B086-6C8EC1006C55}
	EndGlobalSection
EndGlobal
